// !$*UTF8*$!
{
	archiveVersion = 1;
	classes = {
	};
	objectVersion = 56;
	objects = {

/* Begin PBXBuildFile section */
		9849B41E2BB2CD5A00B2347A /* test_appApp.swift in Sources */ = {isa = PBXBuildFile; fileRef = 9849B41D2BB2CD5A00B2347A /* test_appApp.swift */; };
		9849B4202BB2CD5A00B2347A /* ContentView.swift in Sources */ = {isa = PBXBuildFile; fileRef = 9849B41F2BB2CD5A00B2347A /* ContentView.swift */; };
		9849B4222BB2CD5C00B2347A /* Assets.xcassets in Resources */ = {isa = PBXBuildFile; fileRef = 9849B4212BB2CD5C00B2347A /* Assets.xcassets */; };
		9849B4252BB2CD5D00B2347A /* Preview Assets.xcassets in Resources */ = {isa = PBXBuildFile; fileRef = 9849B4242BB2CD5D00B2347A /* Preview Assets.xcassets */; };
		9849B4272BB2CD5D00B2347A /* Persistence.swift in Sources */ = {isa = PBXBuildFile; fileRef = 9849B4262BB2CD5D00B2347A /* Persistence.swift */; };
		9849B42A2BB2CD5D00B2347A /* test_app.xcdatamodeld in Sources */ = {isa = PBXBuildFile; fileRef = 9849B4282BB2CD5D00B2347A /* test_app.xcdatamodeld */; };
		9849B4332BB2E63900B2347A /* PlaceItemView.swift in Sources */ = {isa = PBXBuildFile; fileRef = 9849B4322BB2E63800B2347A /* PlaceItemView.swift */; };
		9849B43A2BB3038900B2347A /* PlaceItemResponse.swift in Sources */ = {isa = PBXBuildFile; fileRef = 9849B4392BB3038900B2347A /* PlaceItemResponse.swift */; };
		9849B43C2BB3049200B2347A /* PlaceDataSource.swift in Sources */ = {isa = PBXBuildFile; fileRef = 9849B43B2BB3049200B2347A /* PlaceDataSource.swift */; };
		9849B43F2BB3087F00B2347A /* Consts.swift in Sources */ = {isa = PBXBuildFile; fileRef = 9849B43E2BB3087F00B2347A /* Consts.swift */; };
		9849B4412BB30BDC00B2347A /* PlaceMapper.swift in Sources */ = {isa = PBXBuildFile; fileRef = 9849B4402BB30BDC00B2347A /* PlaceMapper.swift */; };
		9849B4432BB30C7E00B2347A /* PlaceItem.swift in Sources */ = {isa = PBXBuildFile; fileRef = 9849B4422BB30C7E00B2347A /* PlaceItem.swift */; };
		9849B4452BB30CC200B2347A /* Failure.swift in Sources */ = {isa = PBXBuildFile; fileRef = 9849B4442BB30CC200B2347A /* Failure.swift */; };
		9849B4482BB30FEB00B2347A /* HomeViewModel.swift in Sources */ = {isa = PBXBuildFile; fileRef = 9849B4472BB30FEB00B2347A /* HomeViewModel.swift */; };
		9849B44A2BB3100100B2347A /* HomeView.swift in Sources */ = {isa = PBXBuildFile; fileRef = 9849B4492BB3100100B2347A /* HomeView.swift */; };
		9849B44D2BB42A6800B2347A /* GetAllPlacesStates.swift in Sources */ = {isa = PBXBuildFile; fileRef = 9849B44C2BB42A6800B2347A /* GetAllPlacesStates.swift */; };
/* End PBXBuildFile section */

/* Begin PBXFileReference section */
		9849B41A2BB2CD5A00B2347A /* test-app.app */ = {isa = PBXFileReference; explicitFileType = wrapper.application; includeInIndex = 0; path = "test-app.app"; sourceTree = BUILT_PRODUCTS_DIR; };
		9849B41D2BB2CD5A00B2347A /* test_appApp.swift */ = {isa = PBXFileReference; lastKnownFileType = sourcecode.swift; path = test_appApp.swift; sourceTree = "<group>"; };
		9849B41F2BB2CD5A00B2347A /* ContentView.swift */ = {isa = PBXFileReference; lastKnownFileType = sourcecode.swift; path = ContentView.swift; sourceTree = "<group>"; };
		9849B4212BB2CD5C00B2347A /* Assets.xcassets */ = {isa = PBXFileReference; lastKnownFileType = folder.assetcatalog; path = Assets.xcassets; sourceTree = "<group>"; };
		9849B4242BB2CD5D00B2347A /* Preview Assets.xcassets */ = {isa = PBXFileReference; lastKnownFileType = folder.assetcatalog; path = "Preview Assets.xcassets"; sourceTree = "<group>"; };
		9849B4262BB2CD5D00B2347A /* Persistence.swift */ = {isa = PBXFileReference; lastKnownFileType = sourcecode.swift; path = Persistence.swift; sourceTree = "<group>"; };
		9849B4292BB2CD5D00B2347A /* test_app.xcdatamodel */ = {isa = PBXFileReference; lastKnownFileType = wrapper.xcdatamodel; path = test_app.xcdatamodel; sourceTree = "<group>"; };
		9849B4322BB2E63800B2347A /* PlaceItemView.swift */ = {isa = PBXFileReference; lastKnownFileType = sourcecode.swift; path = PlaceItemView.swift; sourceTree = "<group>"; };
		9849B4392BB3038900B2347A /* PlaceItemResponse.swift */ = {isa = PBXFileReference; lastKnownFileType = sourcecode.swift; path = PlaceItemResponse.swift; sourceTree = "<group>"; };
		9849B43B2BB3049200B2347A /* PlaceDataSource.swift */ = {isa = PBXFileReference; lastKnownFileType = sourcecode.swift; path = PlaceDataSource.swift; sourceTree = "<group>"; };
		9849B43E2BB3087F00B2347A /* Consts.swift */ = {isa = PBXFileReference; lastKnownFileType = sourcecode.swift; path = Consts.swift; sourceTree = "<group>"; };
		9849B4402BB30BDC00B2347A /* PlaceMapper.swift */ = {isa = PBXFileReference; lastKnownFileType = sourcecode.swift; path = PlaceMapper.swift; sourceTree = "<group>"; };
		9849B4422BB30C7E00B2347A /* PlaceItem.swift */ = {isa = PBXFileReference; lastKnownFileType = sourcecode.swift; path = PlaceItem.swift; sourceTree = "<group>"; };
		9849B4442BB30CC200B2347A /* Failure.swift */ = {isa = PBXFileReference; lastKnownFileType = sourcecode.swift; path = Failure.swift; sourceTree = "<group>"; };
		9849B4472BB30FEB00B2347A /* HomeViewModel.swift */ = {isa = PBXFileReference; lastKnownFileType = sourcecode.swift; path = HomeViewModel.swift; sourceTree = "<group>"; };
		9849B4492BB3100100B2347A /* HomeView.swift */ = {isa = PBXFileReference; lastKnownFileType = sourcecode.swift; path = HomeView.swift; sourceTree = "<group>"; };
		9849B44C2BB42A6800B2347A /* GetAllPlacesStates.swift */ = {isa = PBXFileReference; lastKnownFileType = sourcecode.swift; path = GetAllPlacesStates.swift; sourceTree = "<group>"; };
/* End PBXFileReference section */

/* Begin PBXFrameworksBuildPhase section */
		9849B4172BB2CD5A00B2347A /* Frameworks */ = {
			isa = PBXFrameworksBuildPhase;
			buildActionMask = 2147483647;
			files = (
			);
			runOnlyForDeploymentPostprocessing = 0;
		};
/* End PBXFrameworksBuildPhase section */

/* Begin PBXGroup section */
		9849B4112BB2CD5A00B2347A = {
			isa = PBXGroup;
			children = (
				9849B41C2BB2CD5A00B2347A /* test-app */,
				9849B41B2BB2CD5A00B2347A /* Products */,
			);
			sourceTree = "<group>";
		};
		9849B41B2BB2CD5A00B2347A /* Products */ = {
			isa = PBXGroup;
			children = (
				9849B41A2BB2CD5A00B2347A /* test-app.app */,
			);
			name = Products;
			sourceTree = "<group>";
		};
		9849B41C2BB2CD5A00B2347A /* test-app */ = {
			isa = PBXGroup;
			children = (
				9849B4462BB30FC500B2347A /* Home */,
				9849B43D2BB3085D00B2347A /* Utils */,
				9849B4342BB302E100B2347A /* DataSource */,
				9849B4382BB3035200B2347A /* Models */,
				9849B4372BB3031500B2347A /* Mapper */,
				9849B4362BB3030700B2347A /* Presentation */,
				9849B41D2BB2CD5A00B2347A /* test_appApp.swift */,
				9849B41F2BB2CD5A00B2347A /* ContentView.swift */,
				9849B4212BB2CD5C00B2347A /* Assets.xcassets */,
				9849B4262BB2CD5D00B2347A /* Persistence.swift */,
				9849B4282BB2CD5D00B2347A /* test_app.xcdatamodeld */,
				9849B4232BB2CD5D00B2347A /* Preview Content */,
				9849B4322BB2E63800B2347A /* PlaceItemView.swift */,
			);
			path = "test-app";
			sourceTree = "<group>";
		};
		9849B4232BB2CD5D00B2347A /* Preview Content */ = {
			isa = PBXGroup;
			children = (
				9849B4242BB2CD5D00B2347A /* Preview Assets.xcassets */,
			);
			path = "Preview Content";
			sourceTree = "<group>";
		};
		9849B4342BB302E100B2347A /* DataSource */ = {
			isa = PBXGroup;
			children = (
				9849B4352BB302F900B2347A /* Models */,
				9849B43B2BB3049200B2347A /* PlaceDataSource.swift */,
			);
			path = DataSource;
			sourceTree = "<group>";
		};
		9849B4352BB302F900B2347A /* Models */ = {
			isa = PBXGroup;
			children = (
				9849B4392BB3038900B2347A /* PlaceItemResponse.swift */,
			);
			path = Models;
			sourceTree = "<group>";
		};
		9849B4362BB3030700B2347A /* Presentation */ = {
			isa = PBXGroup;
			children = (
			);
			path = Presentation;
			sourceTree = "<group>";
		};
		9849B4372BB3031500B2347A /* Mapper */ = {
			isa = PBXGroup;
			children = (
				9849B4402BB30BDC00B2347A /* PlaceMapper.swift */,
			);
			path = Mapper;
			sourceTree = "<group>";
		};
		9849B4382BB3035200B2347A /* Models */ = {
			isa = PBXGroup;
			children = (
				9849B4422BB30C7E00B2347A /* PlaceItem.swift */,
				9849B4442BB30CC200B2347A /* Failure.swift */,
			);
			path = Models;
			sourceTree = "<group>";
		};
		9849B43D2BB3085D00B2347A /* Utils */ = {
			isa = PBXGroup;
			children = (
				9849B43E2BB3087F00B2347A /* Consts.swift */,
			);
			path = Utils;
			sourceTree = "<group>";
		};
		9849B4462BB30FC500B2347A /* Home */ = {
			isa = PBXGroup;
			children = (
				9849B44B2BB42A4000B2347A /* States */,
				9849B4472BB30FEB00B2347A /* HomeViewModel.swift */,
				9849B4492BB3100100B2347A /* HomeView.swift */,
			);
			path = Home;
			sourceTree = "<group>";
		};
		9849B44B2BB42A4000B2347A /* States */ = {
			isa = PBXGroup;
			children = (
				9849B44C2BB42A6800B2347A /* GetAllPlacesStates.swift */,
			);
			path = States;
			sourceTree = "<group>";
		};
/* End PBXGroup section */

/* Begin PBXNativeTarget section */
		9849B4192BB2CD5A00B2347A /* test-app */ = {
			isa = PBXNativeTarget;
			buildConfigurationList = 9849B42D2BB2CD5D00B2347A /* Build configuration list for PBXNativeTarget "test-app" */;
			buildPhases = (
				9849B4162BB2CD5A00B2347A /* Sources */,
				9849B4172BB2CD5A00B2347A /* Frameworks */,
				9849B4182BB2CD5A00B2347A /* Resources */,
			);
			buildRules = (
			);
			dependencies = (
			);
			name = "test-app";
			productName = "test-app";
			productReference = 9849B41A2BB2CD5A00B2347A /* test-app.app */;
			productType = "com.apple.product-type.application";
		};
/* End PBXNativeTarget section */

/* Begin PBXProject section */
		9849B4122BB2CD5A00B2347A /* Project object */ = {
			isa = PBXProject;
			attributes = {
				BuildIndependentTargetsInParallel = 1;
				LastSwiftUpdateCheck = 1520;
				LastUpgradeCheck = 1520;
				TargetAttributes = {
					9849B4192BB2CD5A00B2347A = {
						CreatedOnToolsVersion = 15.2;
					};
				};
			};
			buildConfigurationList = 9849B4152BB2CD5A00B2347A /* Build configuration list for PBXProject "test-app" */;
			compatibilityVersion = "Xcode 14.0";
			developmentRegion = en;
			hasScannedForEncodings = 0;
			knownRegions = (
				en,
				Base,
			);
			mainGroup = 9849B4112BB2CD5A00B2347A;
			productRefGroup = 9849B41B2BB2CD5A00B2347A /* Products */;
			projectDirPath = "";
			projectRoot = "";
			targets = (
				9849B4192BB2CD5A00B2347A /* test-app */,
			);
		};
/* End PBXProject section */

/* Begin PBXResourcesBuildPhase section */
		9849B4182BB2CD5A00B2347A /* Resources */ = {
			isa = PBXResourcesBuildPhase;
			buildActionMask = 2147483647;
			files = (
				9849B4252BB2CD5D00B2347A /* Preview Assets.xcassets in Resources */,
				9849B4222BB2CD5C00B2347A /* Assets.xcassets in Resources */,
			);
			runOnlyForDeploymentPostprocessing = 0;
		};
/* End PBXResourcesBuildPhase section */

/* Begin PBXSourcesBuildPhase section */
		9849B4162BB2CD5A00B2347A /* Sources */ = {
			isa = PBXSourcesBuildPhase;
			buildActionMask = 2147483647;
			files = (
				9849B44D2BB42A6800B2347A /* GetAllPlacesStates.swift in Sources */,
				9849B4432BB30C7E00B2347A /* PlaceItem.swift in Sources */,
				9849B4452BB30CC200B2347A /* Failure.swift in Sources */,
				9849B44A2BB3100100B2347A /* HomeView.swift in Sources */,
				9849B4272BB2CD5D00B2347A /* Persistence.swift in Sources */,
				9849B43F2BB3087F00B2347A /* Consts.swift in Sources */,
				9849B43A2BB3038900B2347A /* PlaceItemResponse.swift in Sources */,
				9849B4412BB30BDC00B2347A /* PlaceMapper.swift in Sources */,
				9849B4332BB2E63900B2347A /* PlaceItemView.swift in Sources */,
				9849B4482BB30FEB00B2347A /* HomeViewModel.swift in Sources */,
				9849B43C2BB3049200B2347A /* PlaceDataSource.swift in Sources */,
				9849B42A2BB2CD5D00B2347A /* test_app.xcdatamodeld in Sources */,
				9849B4202BB2CD5A00B2347A /* ContentView.swift in Sources */,
				9849B41E2BB2CD5A00B2347A /* test_appApp.swift in Sources */,
			);
			runOnlyForDeploymentPostprocessing = 0;
		};
/* End PBXSourcesBuildPhase section */

/* Begin XCBuildConfiguration section */
		9849B42B2BB2CD5D00B2347A /* Debug */ = {
			isa = XCBuildConfiguration;
			buildSettings = {
				ALWAYS_SEARCH_USER_PATHS = NO;
				ASSETCATALOG_COMPILER_GENERATE_SWIFT_ASSET_SYMBOL_EXTENSIONS = YES;
				CLANG_ANALYZER_NONNULL = YES;
				CLANG_ANALYZER_NUMBER_OBJECT_CONVERSION = YES_AGGRESSIVE;
				CLANG_CXX_LANGUAGE_STANDARD = "gnu++20";
				CLANG_ENABLE_MODULES = YES;
				CLANG_ENABLE_OBJC_ARC = YES;
				CLANG_ENABLE_OBJC_WEAK = YES;
				CLANG_WARN_BLOCK_CAPTURE_AUTORELEASING = YES;
				CLANG_WARN_BOOL_CONVERSION = YES;
				CLANG_WARN_COMMA = YES;
				CLANG_WARN_CONSTANT_CONVERSION = YES;
				CLANG_WARN_DEPRECATED_OBJC_IMPLEMENTATIONS = YES;
				CLANG_WARN_DIRECT_OBJC_ISA_USAGE = YES_ERROR;
				CLANG_WARN_DOCUMENTATION_COMMENTS = YES;
				CLANG_WARN_EMPTY_BODY = YES;
				CLANG_WARN_ENUM_CONVERSION = YES;
				CLANG_WARN_INFINITE_RECURSION = YES;
				CLANG_WARN_INT_CONVERSION = YES;
				CLANG_WARN_NON_LITERAL_NULL_CONVERSION = YES;
				CLANG_WARN_OBJC_IMPLICIT_RETAIN_SELF = YES;
				CLANG_WARN_OBJC_LITERAL_CONVERSION = YES;
				CLANG_WARN_OBJC_ROOT_CLASS = YES_ERROR;
				CLANG_WARN_QUOTED_INCLUDE_IN_FRAMEWORK_HEADER = YES;
				CLANG_WARN_RANGE_LOOP_ANALYSIS = YES;
				CLANG_WARN_STRICT_PROTOTYPES = YES;
				CLANG_WARN_SUSPICIOUS_MOVE = YES;
				CLANG_WARN_UNGUARDED_AVAILABILITY = YES_AGGRESSIVE;
				CLANG_WARN_UNREACHABLE_CODE = YES;
				CLANG_WARN__DUPLICATE_METHOD_MATCH = YES;
				COPY_PHASE_STRIP = NO;
				DEBUG_INFORMATION_FORMAT = dwarf;
				ENABLE_STRICT_OBJC_MSGSEND = YES;
				ENABLE_TESTABILITY = YES;
				ENABLE_USER_SCRIPT_SANDBOXING = YES;
				GCC_C_LANGUAGE_STANDARD = gnu17;
				GCC_DYNAMIC_NO_PIC = NO;
				GCC_NO_COMMON_BLOCKS = YES;
				GCC_OPTIMIZATION_LEVEL = 0;
				GCC_PREPROCESSOR_DEFINITIONS = (
					"DEBUG=1",
					"$(inherited)",
				);
				GCC_WARN_64_TO_32_BIT_CONVERSION = YES;
				GCC_WARN_ABOUT_RETURN_TYPE = YES_ERROR;
				GCC_WARN_UNDECLARED_SELECTOR = YES;
				GCC_WARN_UNINITIALIZED_AUTOS = YES_AGGRESSIVE;
				GCC_WARN_UNUSED_FUNCTION = YES;
				GCC_WARN_UNUSED_VARIABLE = YES;
				IPHONEOS_DEPLOYMENT_TARGET = 17.2;
				LOCALIZATION_PREFERS_STRING_CATALOGS = YES;
				MTL_ENABLE_DEBUG_INFO = INCLUDE_SOURCE;
				MTL_FAST_MATH = YES;
				ONLY_ACTIVE_ARCH = YES;
				SDKROOT = iphoneos;
				SWIFT_ACTIVE_COMPILATION_CONDITIONS = "DEBUG $(inherited)";
				SWIFT_OPTIMIZATION_LEVEL = "-Onone";
			};
			name = Debug;
		};
		9849B42C2BB2CD5D00B2347A /* Release */ = {
			isa = XCBuildConfiguration;
			buildSettings = {
				ALWAYS_SEARCH_USER_PATHS = NO;
				ASSETCATALOG_COMPILER_GENERATE_SWIFT_ASSET_SYMBOL_EXTENSIONS = YES;
				CLANG_ANALYZER_NONNULL = YES;
				CLANG_ANALYZER_NUMBER_OBJECT_CONVERSION = YES_AGGRESSIVE;
				CLANG_CXX_LANGUAGE_STANDARD = "gnu++20";
				CLANG_ENABLE_MODULES = YES;
				CLANG_ENABLE_OBJC_ARC = YES;
				CLANG_ENABLE_OBJC_WEAK = YES;
				CLANG_WARN_BLOCK_CAPTURE_AUTORELEASING = YES;
				CLANG_WARN_BOOL_CONVERSION = YES;
				CLANG_WARN_COMMA = YES;
				CLANG_WARN_CONSTANT_CONVERSION = YES;
				CLANG_WARN_DEPRECATED_OBJC_IMPLEMENTATIONS = YES;
				CLANG_WARN_DIRECT_OBJC_ISA_USAGE = YES_ERROR;
				CLANG_WARN_DOCUMENTATION_COMMENTS = YES;
				CLANG_WARN_EMPTY_BODY = YES;
				CLANG_WARN_ENUM_CONVERSION = YES;
				CLANG_WARN_INFINITE_RECURSION = YES;
				CLANG_WARN_INT_CONVERSION = YES;
				CLANG_WARN_NON_LITERAL_NULL_CONVERSION = YES;
				CLANG_WARN_OBJC_IMPLICIT_RETAIN_SELF = YES;
				CLANG_WARN_OBJC_LITERAL_CONVERSION = YES;
				CLANG_WARN_OBJC_ROOT_CLASS = YES_ERROR;
				CLANG_WARN_QUOTED_INCLUDE_IN_FRAMEWORK_HEADER = YES;
				CLANG_WARN_RANGE_LOOP_ANALYSIS = YES;
				CLANG_WARN_STRICT_PROTOTYPES = YES;
				CLANG_WARN_SUSPICIOUS_MOVE = YES;
				CLANG_WARN_UNGUARDED_AVAILABILITY = YES_AGGRESSIVE;
				CLANG_WARN_UNREACHABLE_CODE = YES;
				CLANG_WARN__DUPLICATE_METHOD_MATCH = YES;
				COPY_PHASE_STRIP = NO;
				DEBUG_INFORMATION_FORMAT = "dwarf-with-dsym";
				ENABLE_NS_ASSERTIONS = NO;
				ENABLE_STRICT_OBJC_MSGSEND = YES;
				ENABLE_USER_SCRIPT_SANDBOXING = YES;
				GCC_C_LANGUAGE_STANDARD = gnu17;
				GCC_NO_COMMON_BLOCKS = YES;
				GCC_WARN_64_TO_32_BIT_CONVERSION = YES;
				GCC_WARN_ABOUT_RETURN_TYPE = YES_ERROR;
				GCC_WARN_UNDECLARED_SELECTOR = YES;
				GCC_WARN_UNINITIALIZED_AUTOS = YES_AGGRESSIVE;
				GCC_WARN_UNUSED_FUNCTION = YES;
				GCC_WARN_UNUSED_VARIABLE = YES;
				IPHONEOS_DEPLOYMENT_TARGET = 17.2;
				LOCALIZATION_PREFERS_STRING_CATALOGS = YES;
				MTL_ENABLE_DEBUG_INFO = NO;
				MTL_FAST_MATH = YES;
				SDKROOT = iphoneos;
				SWIFT_COMPILATION_MODE = wholemodule;
				VALIDATE_PRODUCT = YES;
			};
			name = Release;
		};
		9849B42E2BB2CD5D00B2347A /* Debug */ = {
			isa = XCBuildConfiguration;
			buildSettings = {
				ASSETCATALOG_COMPILER_APPICON_NAME = AppIcon;
				ASSETCATALOG_COMPILER_GLOBAL_ACCENT_COLOR_NAME = AccentColor;
				CODE_SIGN_STYLE = Automatic;
				CURRENT_PROJECT_VERSION = 1;
				DEVELOPMENT_ASSET_PATHS = "\"test-app/Preview Content\"";
				ENABLE_PREVIEWS = YES;
				GENERATE_INFOPLIST_FILE = YES;
				INFOPLIST_KEY_UIApplicationSceneManifest_Generation = YES;
				INFOPLIST_KEY_UIApplicationSupportsIndirectInputEvents = YES;
				INFOPLIST_KEY_UILaunchScreen_Generation = YES;
				INFOPLIST_KEY_UISupportedInterfaceOrientations_iPad = "UIInterfaceOrientationPortrait UIInterfaceOrientationPortraitUpsideDown UIInterfaceOrientationLandscapeLeft UIInterfaceOrientationLandscapeRight";
				INFOPLIST_KEY_UISupportedInterfaceOrientations_iPhone = "UIInterfaceOrientationPortrait UIInterfaceOrientationLandscapeLeft UIInterfaceOrientationLandscapeRight";
				LD_RUNPATH_SEARCH_PATHS = (
					"$(inherited)",
					"@executable_path/Frameworks",
				);
				MARKETING_VERSION = 1.0;
				PRODUCT_BUNDLE_IDENTIFIER = "test.test-app";
				PRODUCT_NAME = "$(TARGET_NAME)";
				SWIFT_EMIT_LOC_STRINGS = YES;
				SWIFT_VERSION = 5.0;
				TARGETED_DEVICE_FAMILY = "1,2";
			};
			name = Debug;
		};
		9849B42F2BB2CD5D00B2347A /* Release */ = {
			isa = XCBuildConfiguration;
			buildSettings = {
				ASSETCATALOG_COMPILER_APPICON_NAME = AppIcon;
				ASSETCATALOG_COMPILER_GLOBAL_ACCENT_COLOR_NAME = AccentColor;
				CODE_SIGN_STYLE = Automatic;
				CURRENT_PROJECT_VERSION = 1;
				DEVELOPMENT_ASSET_PATHS = "\"test-app/Preview Content\"";
				ENABLE_PREVIEWS = YES;
				GENERATE_INFOPLIST_FILE = YES;
				INFOPLIST_KEY_UIApplicationSceneManifest_Generation = YES;
				INFOPLIST_KEY_UIApplicationSupportsIndirectInputEvents = YES;
				INFOPLIST_KEY_UILaunchScreen_Generation = YES;
				INFOPLIST_KEY_UISupportedInterfaceOrientations_iPad = "UIInterfaceOrientationPortrait UIInterfaceOrientationPortraitUpsideDown UIInterfaceOrientationLandscapeLeft UIInterfaceOrientationLandscapeRight";
				INFOPLIST_KEY_UISupportedInterfaceOrientations_iPhone = "UIInterfaceOrientationPortrait UIInterfaceOrientationLandscapeLeft UIInterfaceOrientationLandscapeRight";
				LD_RUNPATH_SEARCH_PATHS = (
					"$(inherited)",
					"@executable_path/Frameworks",
				);
				MARKETING_VERSION = 1.0;
				PRODUCT_BUNDLE_IDENTIFIER = "test.test-app";
				PRODUCT_NAME = "$(TARGET_NAME)";
				SWIFT_EMIT_LOC_STRINGS = YES;
				SWIFT_VERSION = 5.0;
				TARGETED_DEVICE_FAMILY = "1,2";
			};
			name = Release;
		};
/* End XCBuildConfiguration section */

/* Begin XCConfigurationList section */
		9849B4152BB2CD5A00B2347A /* Build configuration list for PBXProject "test-app" */ = {
			isa = XCConfigurationList;
			buildConfigurations = (
				9849B42B2BB2CD5D00B2347A /* Debug */,
				9849B42C2BB2CD5D00B2347A /* Release */,
			);
			defaultConfigurationIsVisible = 0;
			defaultConfigurationName = Release;
		};
		9849B42D2BB2CD5D00B2347A /* Build configuration list for PBXNativeTarget "test-app" */ = {
			isa = XCConfigurationList;
			buildConfigurations = (
				9849B42E2BB2CD5D00B2347A /* Debug */,
				9849B42F2BB2CD5D00B2347A /* Release */,
			);
			defaultConfigurationIsVisible = 0;
			defaultConfigurationName = Release;
		};
/* End XCConfigurationList section */

/* Begin XCVersionGroup section */
		9849B4282BB2CD5D00B2347A /* test_app.xcdatamodeld */ = {
			isa = XCVersionGroup;
			children = (
				9849B4292BB2CD5D00B2347A /* test_app.xcdatamodel */,
			);
			currentVersion = 9849B4292BB2CD5D00B2347A /* test_app.xcdatamodel */;
			path = test_app.xcdatamodeld;
			sourceTree = "<group>";
			versionGroupType = wrapper.xcdatamodel;
		};
/* End XCVersionGroup section */
	};
	rootObject = 9849B4122BB2CD5A00B2347A /* Project object */;
}
